
Microsoft Visual Studio Solution File, Format Version 12.00
# Visual Studio Version 17
VisualStudioVersion = 17.2.32616.157
MinimumVisualStudioVersion = 10.0.40219.1
Project("{9A19103F-16F7-4668-BE54-9A1E7A4F7556}") = "Skylight-API", "Skylight-API\Skylight-API.csproj", "{8D4DC780-CAA4-4C45-AFC8-5AB8879E693D}"
EndProject
Project("{00D1A9C2-B5F0-4AF3-8072-F6C62B433612}") = "Skylight-Database-Local", "Skylight-Database-Local\Skylight-Database-Local.sqlproj", "{D5E50F35-7EFC-4463-A314-C4B3DCA8803A}"
EndProject
Project("{9A19103F-16F7-4668-BE54-9A1E7A4F7556}") = "Skylight-Infrastructure", "Skylight-Infrastructure\Skylight-Infrastructure.csproj", "{16D0D05D-BA1D-4514-B253-603103862FB4}"
EndProject
Project("{9A19103F-16F7-4668-BE54-9A1E7A4F7556}") = "Skylight-Data", "Skylight-Data\Skylight-Data.csproj", "{F52084A2-1D41-4AD7-AF0F-4C54BFCE9DAF}"
EndProject
Project("{9A19103F-16F7-4668-BE54-9A1E7A4F7556}") = "Skylight-Domain", "Skylight-Domain\Skylight-Domain.csproj", "{441B8821-6351-46FF-A93E-1AC08782F032}"
EndProject
Project("{9A19103F-16F7-4668-BE54-9A1E7A4F7556}") = "Skylight-Application", "Skylight-Application\Skylight-Application.csproj", "{4E2C31A3-E57B-4379-8E56-0253C6D12A3E}"
EndProject
Project("{2150E333-8FDC-42A3-9474-1A3956D46DE8}") = "Source", "Source", "{164CB5BB-0C13-4D26-AB16-7DCD9DCA5181}"
EndProject
Project("{2150E333-8FDC-42A3-9474-1A3956D46DE8}") = "Tests", "Tests", "{23C67D78-50AC-4052-A099-F14C154BE780}"
EndProject
Project("{9A19103F-16F7-4668-BE54-9A1E7A4F7556}") = "Skylight-Architecture-Test", "Skylight-Architecture-Test\Skylight-Architecture-Test.csproj", "{CC67A3AC-39D3-4644-B774-69E82EAD95CD}"
EndProject
Project("{54A90642-561A-4BB1-A94E-469ADEE60C69}") = "Skylight-WebUI", "Skylight-WebUI\Skylight-WebUI.esproj", "{6E7CC6D7-3F80-4B6B-81D1-7805E42BF74E}"
EndProject
Project("{9A19103F-16F7-4668-BE54-9A1E7A4F7556}") = "Skylight-Application-Test", "Skylight-Application-Test\Skylight-Application-Test.csproj", "{0E65148A-5AB7-40A4-B90C-3C222B598918}"
EndProject
Project("{2150E333-8FDC-42A3-9474-1A3956D46DE8}") = "Solution Items", "Solution Items", "{092732F7-9F25-4BF5-8A08-6B5C11CBE7BB}"
	ProjectSection(SolutionItems) = preProject
		.editorconfig = .editorconfig
	EndProjectSection
EndProject
Project("{9A19103F-16F7-4668-BE54-9A1E7A4F7556}") = "Skylight-Infrastructure-Test", "Skylight-Infrastructure-Test\Skylight-Infrastructure-Test.csproj", "{970CD213-7B94-4155-8D70-E03E6020D99E}"
EndProject
Project("{9A19103F-16F7-4668-BE54-9A1E7A4F7556}") = "Skylight-Shared-Test", "Skylight-Shared-Test\Skylight-Shared-Test.csproj", "{01C0BD8F-1251-4944-81C4-F37DE27FA917}"
EndProject
Project("{FAE04EC0-301F-11D3-BF4B-00C04F79EFBC}") = "Skylight-Domain-Test", "Skylight-Domain-Test\Skylight-Domain-Test.csproj", "{52D1E20A-1E14-43E8-A56B-C6FDD1C8EE19}"
EndProject
Global
	GlobalSection(SolutionConfigurationPlatforms) = preSolution
		Debug|Any CPU = Debug|Any CPU
		Release|Any CPU = Release|Any CPU
	EndGlobalSection
	GlobalSection(ProjectConfigurationPlatforms) = postSolution
		{8D4DC780-CAA4-4C45-AFC8-5AB8879E693D}.Debug|Any CPU.ActiveCfg = Debug|Any CPU
		{8D4DC780-CAA4-4C45-AFC8-5AB8879E693D}.Debug|Any CPU.Build.0 = Debug|Any CPU
		{8D4DC780-CAA4-4C45-AFC8-5AB8879E693D}.Release|Any CPU.ActiveCfg = Release|Any CPU
		{8D4DC780-CAA4-4C45-AFC8-5AB8879E693D}.Release|Any CPU.Build.0 = Release|Any CPU
		{D5E50F35-7EFC-4463-A314-C4B3DCA8803A}.Debug|Any CPU.ActiveCfg = Debug|Any CPU
		{D5E50F35-7EFC-4463-A314-C4B3DCA8803A}.Debug|Any CPU.Build.0 = Debug|Any CPU
		{D5E50F35-7EFC-4463-A314-C4B3DCA8803A}.Debug|Any CPU.Deploy.0 = Debug|Any CPU
		{D5E50F35-7EFC-4463-A314-C4B3DCA8803A}.Release|Any CPU.ActiveCfg = Release|Any CPU
		{D5E50F35-7EFC-4463-A314-C4B3DCA8803A}.Release|Any CPU.Build.0 = Release|Any CPU
		{D5E50F35-7EFC-4463-A314-C4B3DCA8803A}.Release|Any CPU.Deploy.0 = Release|Any CPU
		{16D0D05D-BA1D-4514-B253-603103862FB4}.Debug|Any CPU.ActiveCfg = Debug|Any CPU
		{16D0D05D-BA1D-4514-B253-603103862FB4}.Debug|Any CPU.Build.0 = Debug|Any CPU
		{16D0D05D-BA1D-4514-B253-603103862FB4}.Release|Any CPU.ActiveCfg = Release|Any CPU
		{16D0D05D-BA1D-4514-B253-603103862FB4}.Release|Any CPU.Build.0 = Release|Any CPU
		{F52084A2-1D41-4AD7-AF0F-4C54BFCE9DAF}.Debug|Any CPU.ActiveCfg = Debug|Any CPU
		{F52084A2-1D41-4AD7-AF0F-4C54BFCE9DAF}.Debug|Any CPU.Build.0 = Debug|Any CPU
		{F52084A2-1D41-4AD7-AF0F-4C54BFCE9DAF}.Release|Any CPU.ActiveCfg = Release|Any CPU
		{F52084A2-1D41-4AD7-AF0F-4C54BFCE9DAF}.Release|Any CPU.Build.0 = Release|Any CPU
		{441B8821-6351-46FF-A93E-1AC08782F032}.Debug|Any CPU.ActiveCfg = Debug|Any CPU
		{441B8821-6351-46FF-A93E-1AC08782F032}.Debug|Any CPU.Build.0 = Debug|Any CPU
		{441B8821-6351-46FF-A93E-1AC08782F032}.Release|Any CPU.ActiveCfg = Release|Any CPU
		{441B8821-6351-46FF-A93E-1AC08782F032}.Release|Any CPU.Build.0 = Release|Any CPU
		{4E2C31A3-E57B-4379-8E56-0253C6D12A3E}.Debug|Any CPU.ActiveCfg = Debug|Any CPU
		{4E2C31A3-E57B-4379-8E56-0253C6D12A3E}.Debug|Any CPU.Build.0 = Debug|Any CPU
		{4E2C31A3-E57B-4379-8E56-0253C6D12A3E}.Release|Any CPU.ActiveCfg = Release|Any CPU
		{4E2C31A3-E57B-4379-8E56-0253C6D12A3E}.Release|Any CPU.Build.0 = Release|Any CPU
		{CC67A3AC-39D3-4644-B774-69E82EAD95CD}.Debug|Any CPU.ActiveCfg = Debug|Any CPU
		{CC67A3AC-39D3-4644-B774-69E82EAD95CD}.Debug|Any CPU.Build.0 = Debug|Any CPU
		{CC67A3AC-39D3-4644-B774-69E82EAD95CD}.Release|Any CPU.ActiveCfg = Release|Any CPU
		{CC67A3AC-39D3-4644-B774-69E82EAD95CD}.Release|Any CPU.Build.0 = Release|Any CPU
		{6E7CC6D7-3F80-4B6B-81D1-7805E42BF74E}.Debug|Any CPU.ActiveCfg = Debug|Any CPU
		{6E7CC6D7-3F80-4B6B-81D1-7805E42BF74E}.Debug|Any CPU.Build.0 = Debug|Any CPU
		{6E7CC6D7-3F80-4B6B-81D1-7805E42BF74E}.Debug|Any CPU.Deploy.0 = Debug|Any CPU
		{6E7CC6D7-3F80-4B6B-81D1-7805E42BF74E}.Release|Any CPU.ActiveCfg = Release|Any CPU
		{6E7CC6D7-3F80-4B6B-81D1-7805E42BF74E}.Release|Any CPU.Build.0 = Release|Any CPU
		{6E7CC6D7-3F80-4B6B-81D1-7805E42BF74E}.Release|Any CPU.Deploy.0 = Release|Any CPU
		{0E65148A-5AB7-40A4-B90C-3C222B598918}.Debug|Any CPU.ActiveCfg = Debug|Any CPU
		{0E65148A-5AB7-40A4-B90C-3C222B598918}.Debug|Any CPU.Build.0 = Debug|Any CPU
		{0E65148A-5AB7-40A4-B90C-3C222B598918}.Release|Any CPU.ActiveCfg = Release|Any CPU
		{0E65148A-5AB7-40A4-B90C-3C222B598918}.Release|Any CPU.Build.0 = Release|Any CPU
		{970CD213-7B94-4155-8D70-E03E6020D99E}.Debug|Any CPU.ActiveCfg = Debug|Any CPU
		{970CD213-7B94-4155-8D70-E03E6020D99E}.Debug|Any CPU.Build.0 = Debug|Any CPU
		{970CD213-7B94-4155-8D70-E03E6020D99E}.Release|Any CPU.ActiveCfg = Release|Any CPU
		{970CD213-7B94-4155-8D70-E03E6020D99E}.Release|Any CPU.Build.0 = Release|Any CPU
		{01C0BD8F-1251-4944-81C4-F37DE27FA917}.Debug|Any CPU.ActiveCfg = Debug|Any CPU
		{01C0BD8F-1251-4944-81C4-F37DE27FA917}.Debug|Any CPU.Build.0 = Debug|Any CPU
		{01C0BD8F-1251-4944-81C4-F37DE27FA917}.Release|Any CPU.ActiveCfg = Release|Any CPU
		{01C0BD8F-1251-4944-81C4-F37DE27FA917}.Release|Any CPU.Build.0 = Release|Any CPU
		{52D1E20A-1E14-43E8-A56B-C6FDD1C8EE19}.Debug|Any CPU.ActiveCfg = Debug|Any CPU
		{52D1E20A-1E14-43E8-A56B-C6FDD1C8EE19}.Debug|Any CPU.Build.0 = Debug|Any CPU
		{52D1E20A-1E14-43E8-A56B-C6FDD1C8EE19}.Release|Any CPU.ActiveCfg = Release|Any CPU
		{52D1E20A-1E14-43E8-A56B-C6FDD1C8EE19}.Release|Any CPU.Build.0 = Release|Any CPU
	EndGlobalSection
	GlobalSection(SolutionProperties) = preSolution
		HideSolutionNode = FALSE
	EndGlobalSection
	GlobalSection(NestedProjects) = preSolution
		{8D4DC780-CAA4-4C45-AFC8-5AB8879E693D} = {164CB5BB-0C13-4D26-AB16-7DCD9DCA5181}
		{16D0D05D-BA1D-4514-B253-603103862FB4} = {164CB5BB-0C13-4D26-AB16-7DCD9DCA5181}
		{F52084A2-1D41-4AD7-AF0F-4C54BFCE9DAF} = {164CB5BB-0C13-4D26-AB16-7DCD9DCA5181}
		{441B8821-6351-46FF-A93E-1AC08782F032} = {164CB5BB-0C13-4D26-AB16-7DCD9DCA5181}
		{4E2C31A3-E57B-4379-8E56-0253C6D12A3E} = {164CB5BB-0C13-4D26-AB16-7DCD9DCA5181}
		{CC67A3AC-39D3-4644-B774-69E82EAD95CD} = {23C67D78-50AC-4052-A099-F14C154BE780}
		{0E65148A-5AB7-40A4-B90C-3C222B598918} = {23C67D78-50AC-4052-A099-F14C154BE780}
		{970CD213-7B94-4155-8D70-E03E6020D99E} = {23C67D78-50AC-4052-A099-F14C154BE780}
		{01C0BD8F-1251-4944-81C4-F37DE27FA917} = {23C67D78-50AC-4052-A099-F14C154BE780}
		{52D1E20A-1E14-43E8-A56B-C6FDD1C8EE19} = {23C67D78-50AC-4052-A099-F14C154BE780}
	EndGlobalSection
	GlobalSection(ExtensibilityGlobals) = postSolution
		SolutionGuid = {0DE45755-26C2-4DC8-954A-E9AD957F29FD}
	EndGlobalSection
EndGlobal
